
Microsoft Visual Studio Solution File, Format Version 12.00
# Visual Studio Version 16
VisualStudioVersion = 16.0.31829.152
MinimumVisualStudioVersion = 10.0.40219.1
Project("{8BC9CEB8-8B4A-11D0-8D11-00A0C91BC942}") = "simplest_ffmpeg_player", "simplest_ffmpeg_player.vcxproj", "{97791CA2-3C45-407D-A31A-76FB5DAB7D26}"
EndProject
Project("{8BC9CEB8-8B4A-11D0-8D11-00A0C91BC942}") = "simplest_ffmpeg_decoder_pure", "..\simplest_ffmpeg_decoder_pure\simplest_ffmpeg_decoder_pure.vcxproj", "{C76AB4AA-0C20-42B7-9A09-A24EB7506E1E}"
EndProject
Project("{8BC9CEB8-8B4A-11D0-8D11-00A0C91BC942}") = "simplest_ffmpeg_audio_player", "..\simplest_ffmpeg_audio_player\simplest_ffmpeg_audio_player.vcxproj", "{FAE4C4A5-8774-45B6-AC2E-7BBDA869BB60}"
EndProject
Project("{8BC9CEB8-8B4A-11D0-8D11-00A0C91BC942}") = "simplest_ffmpeg_audio_player_speed", "..\simplest_ffmpeg_audio_player_speed\simplest_ffmpeg_audio_player_speed.vcxproj", "{CA0CDF01-90D7-4844-A55D-B04CE32D7995}"
EndProject
Global
	GlobalSection(SolutionConfigurationPlatforms) = preSolution
		Debug|x64 = Debug|x64
		Debug|x86 = Debug|x86
		Release|x64 = Release|x64
		Release|x86 = Release|x86
	EndGlobalSection
	GlobalSection(ProjectConfigurationPlatforms) = postSolution
		{97791CA2-3C45-407D-A31A-76FB5DAB7D26}.Debug|x64.ActiveCfg = Debug|x64
		{97791CA2-3C45-407D-A31A-76FB5DAB7D26}.Debug|x64.Build.0 = Debug|x64
		{97791CA2-3C45-407D-A31A-76FB5DAB7D26}.Debug|x86.ActiveCfg = Debug|Win32
		{97791CA2-3C45-407D-A31A-76FB5DAB7D26}.Debug|x86.Build.0 = Debug|Win32
		{97791CA2-3C45-407D-A31A-76FB5DAB7D26}.Release|x64.ActiveCfg = Release|x64
		{97791CA2-3C45-407D-A31A-76FB5DAB7D26}.Release|x64.Build.0 = Release|x64
		{97791CA2-3C45-407D-A31A-76FB5DAB7D26}.Release|x86.ActiveCfg = Release|Win32
		{97791CA2-3C45-407D-A31A-76FB5DAB7D26}.Release|x86.Build.0 = Release|Win32
		{C76AB4AA-0C20-42B7-9A09-A24EB7506E1E}.Debug|x64.ActiveCfg = Debug|x64
		{C76AB4AA-0C20-42B7-9A09-A24EB7506E1E}.Debug|x64.Build.0 = Debug|x64
		{C76AB4AA-0C20-42B7-9A09-A24EB7506E1E}.Debug|x86.ActiveCfg = Debug|Win32
		{C76AB4AA-0C20-42B7-9A09-A24EB7506E1E}.Debug|x86.Build.0 = Debug|Win32
		{C76AB4AA-0C20-42B7-9A09-A24EB7506E1E}.Release|x64.ActiveCfg = Release|x64
		{C76AB4AA-0C20-42B7-9A09-A24EB7506E1E}.Release|x64.Build.0 = Release|x64
		{C76AB4AA-0C20-42B7-9A09-A24EB7506E1E}.Release|x86.ActiveCfg = Release|Win32
		{C76AB4AA-0C20-42B7-9A09-A24EB7506E1E}.Release|x86.Build.0 = Release|Win32
		{FAE4C4A5-8774-45B6-AC2E-7BBDA869BB60}.Debug|x64.ActiveCfg = Debug|x64
		{FAE4C4A5-8774-45B6-AC2E-7BBDA869BB60}.Debug|x64.Build.0 = Debug|x64
		{FAE4C4A5-8774-45B6-AC2E-7BBDA869BB60}.Debug|x86.ActiveCfg = Debug|Win32
		{FAE4C4A5-8774-45B6-AC2E-7BBDA869BB60}.Debug|x86.Build.0 = Debug|Win32
		{FAE4C4A5-8774-45B6-AC2E-7BBDA869BB60}.Release|x64.ActiveCfg = Release|x64
		{FAE4C4A5-8774-45B6-AC2E-7BBDA869BB60}.Release|x64.Build.0 = Release|x64
		{FAE4C4A5-8774-45B6-AC2E-7BBDA869BB60}.Release|x86.ActiveCfg = Release|Win32
		{FAE4C4A5-8774-45B6-AC2E-7BBDA869BB60}.Release|x86.Build.0 = Release|Win32
		{CA0CDF01-90D7-4844-A55D-B04CE32D7995}.Debug|x64.ActiveCfg = Debug|x64
		{CA0CDF01-90D7-4844-A55D-B04CE32D7995}.Debug|x64.Build.0 = Debug|x64
		{CA0CDF01-90D7-4844-A55D-B04CE32D7995}.Debug|x86.ActiveCfg = Debug|Win32
		{CA0CDF01-90D7-4844-A55D-B04CE32D7995}.Debug|x86.Build.0 = Debug|Win32
		{CA0CDF01-90D7-4844-A55D-B04CE32D7995}.Release|x64.ActiveCfg = Release|x64
		{CA0CDF01-90D7-4844-A55D-B04CE32D7995}.Release|x64.Build.0 = Release|x64
		{CA0CDF01-90D7-4844-A55D-B04CE32D7995}.Release|x86.ActiveCfg = Release|Win32
		{CA0CDF01-90D7-4844-A55D-B04CE32D7995}.Release|x86.Build.0 = Release|Win32
	EndGlobalSection
	GlobalSection(SolutionProperties) = preSolution
		HideSolutionNode = FALSE
	EndGlobalSection
	GlobalSection(ExtensibilityGlobals) = postSolution
		SolutionGuid = {1A5C19BC-6360-4EBF-B3E5-64354666E1AA}
	EndGlobalSection
EndGlobal
